
Microsoft Visual Studio Solution File, Format Version 12.00
# Visual Studio Version 17
VisualStudioVersion = 17.11.35219.272
MinimumVisualStudioVersion = 10.0.40219.1
Project("{FAE04EC0-301F-11D3-BF4B-00C04F79EFBC}") = "Laboratorio1", "Laboratorio1\Laboratorio1.csproj", "{B437E605-9126-4BD9-A9C9-6BB67189226E}"
EndProject
Global
	GlobalSection(SolutionConfigurationPlatforms) = preSolution
		Debug|Any CPU = Debug|Any CPU
		Release|Any CPU = Release|Any CPU
	EndGlobalSection
	GlobalSection(ProjectConfigurationPlatforms) = postSolution
		{B437E605-9126-4BD9-A9C9-6BB67189226E}.Debug|Any CPU.ActiveCfg = Debug|Any CPU
		{B437E605-9126-4BD9-A9C9-6BB67189226E}.Debug|Any CPU.Build.0 = Debug|Any CPU
		{B437E605-9126-4BD9-A9C9-6BB67189226E}.Release|Any CPU.ActiveCfg = Release|Any CPU
		{B437E605-9126-4BD9-A9C9-6BB67189226E}.Release|Any CPU.Build.0 = Release|Any CPU
	EndGlobalSection
	GlobalSection(SolutionProperties) = preSolution
		HideSolutionNode = FALSE
	EndGlobalSection
	GlobalSection(ExtensibilityGlobals) = postSolution
		SolutionGuid = {1BF02ADC-814A-4538-AF67-B4F2D08F7539}
	EndGlobalSection
EndGlobal
