
Microsoft Visual Studio Solution File, Format Version 12.00
# Visual Studio Version 17
VisualStudioVersion = 17.11.35219.272
MinimumVisualStudioVersion = 10.0.40219.1
Project("{FAE04EC0-301F-11D3-BF4B-00C04F79EFBC}") = "Laboratorio2", "Laboratorio2\Laboratorio2.csproj", "{ED2839CB-0AA9-44AC-8B68-E926E75C316C}"
EndProject
Project("{FAE04EC0-301F-11D3-BF4B-00C04F79EFBC}") = "Laboratorio2.1", "Laboratorio2.1\Laboratorio2.1.csproj", "{A9CF00BD-51D7-4A5B-A3F1-CE5791CC9311}"
EndProject
Project("{FAE04EC0-301F-11D3-BF4B-00C04F79EFBC}") = "Laboratorio2.2", "Laboratorio2.2\Laboratorio2.2.csproj", "{3E5AB9AF-3C27-41FB-99D9-E9CCDB4EFF1F}"
EndProject
Project("{FAE04EC0-301F-11D3-BF4B-00C04F79EFBC}") = "Laboratorio2.3", "Laboratorio2.3\Laboratorio2.3.csproj", "{FD7CF321-1523-481B-9909-058E70AF5781}"
EndProject
Project("{FAE04EC0-301F-11D3-BF4B-00C04F79EFBC}") = "Laboratorio2.4", "Laboratorio2.4\Laboratorio2.4.csproj", "{9E0A76F3-26E7-4656-9DC3-71D499A8870C}"
EndProject
Global
	GlobalSection(SolutionConfigurationPlatforms) = preSolution
		Debug|Any CPU = Debug|Any CPU
		Release|Any CPU = Release|Any CPU
	EndGlobalSection
	GlobalSection(ProjectConfigurationPlatforms) = postSolution
		{ED2839CB-0AA9-44AC-8B68-E926E75C316C}.Debug|Any CPU.ActiveCfg = Debug|Any CPU
		{ED2839CB-0AA9-44AC-8B68-E926E75C316C}.Debug|Any CPU.Build.0 = Debug|Any CPU
		{ED2839CB-0AA9-44AC-8B68-E926E75C316C}.Release|Any CPU.ActiveCfg = Release|Any CPU
		{ED2839CB-0AA9-44AC-8B68-E926E75C316C}.Release|Any CPU.Build.0 = Release|Any CPU
		{A9CF00BD-51D7-4A5B-A3F1-CE5791CC9311}.Debug|Any CPU.ActiveCfg = Debug|Any CPU
		{A9CF00BD-51D7-4A5B-A3F1-CE5791CC9311}.Debug|Any CPU.Build.0 = Debug|Any CPU
		{A9CF00BD-51D7-4A5B-A3F1-CE5791CC9311}.Release|Any CPU.ActiveCfg = Release|Any CPU
		{A9CF00BD-51D7-4A5B-A3F1-CE5791CC9311}.Release|Any CPU.Build.0 = Release|Any CPU
		{3E5AB9AF-3C27-41FB-99D9-E9CCDB4EFF1F}.Debug|Any CPU.ActiveCfg = Debug|Any CPU
		{3E5AB9AF-3C27-41FB-99D9-E9CCDB4EFF1F}.Debug|Any CPU.Build.0 = Debug|Any CPU
		{3E5AB9AF-3C27-41FB-99D9-E9CCDB4EFF1F}.Release|Any CPU.ActiveCfg = Release|Any CPU
		{3E5AB9AF-3C27-41FB-99D9-E9CCDB4EFF1F}.Release|Any CPU.Build.0 = Release|Any CPU
		{FD7CF321-1523-481B-9909-058E70AF5781}.Debug|Any CPU.ActiveCfg = Debug|Any CPU
		{FD7CF321-1523-481B-9909-058E70AF5781}.Debug|Any CPU.Build.0 = Debug|Any CPU
		{FD7CF321-1523-481B-9909-058E70AF5781}.Release|Any CPU.ActiveCfg = Release|Any CPU
		{FD7CF321-1523-481B-9909-058E70AF5781}.Release|Any CPU.Build.0 = Release|Any CPU
		{9E0A76F3-26E7-4656-9DC3-71D499A8870C}.Debug|Any CPU.ActiveCfg = Debug|Any CPU
		{9E0A76F3-26E7-4656-9DC3-71D499A8870C}.Debug|Any CPU.Build.0 = Debug|Any CPU
		{9E0A76F3-26E7-4656-9DC3-71D499A8870C}.Release|Any CPU.ActiveCfg = Release|Any CPU
		{9E0A76F3-26E7-4656-9DC3-71D499A8870C}.Release|Any CPU.Build.0 = Release|Any CPU
	EndGlobalSection
	GlobalSection(SolutionProperties) = preSolution
		HideSolutionNode = FALSE
	EndGlobalSection
	GlobalSection(ExtensibilityGlobals) = postSolution
		SolutionGuid = {C12B1750-0E44-40C7-BD0F-A317C410F332}
	EndGlobalSection
EndGlobal
