
Microsoft Visual Studio Solution File, Format Version 12.00
# Visual Studio Version 17
VisualStudioVersion = 17.11.35219.272
MinimumVisualStudioVersion = 10.0.40219.1
Project("{9A19103F-16F7-4668-BE54-9A1E7A4F7556}") = "Laborarotio8", "Laborarotio8\Laborarotio8.csproj", "{20FB109F-8788-4FF7-A07E-79C7DD7A6D04}"
EndProject
Project("{9A19103F-16F7-4668-BE54-9A1E7A4F7556}") = "Laboratorio8.1", "Laboratorio8.1\Laboratorio8.1.csproj", "{0A3E3B0C-523E-4E8D-8243-06C3D065A7F9}"
EndProject
Project("{9A19103F-16F7-4668-BE54-9A1E7A4F7556}") = "Laboratorio8.2", "Laboratorio8.2\Laboratorio8.2.csproj", "{E1A3CD84-1FE7-4BB3-B24E-B9EBAA8C7009}"
EndProject
Project("{9A19103F-16F7-4668-BE54-9A1E7A4F7556}") = "Laboratorio8.3", "Laboratorio8.3\Laboratorio8.3.csproj", "{FBAFC276-5111-4D67-8D1D-E1696A78995B}"
EndProject
Project("{9A19103F-16F7-4668-BE54-9A1E7A4F7556}") = "Laboratorio8.4", "Laboratorio8.4\Laboratorio8.4.csproj", "{3ED0A0DA-AD4C-44CB-A34A-7F0245128DC1}"
EndProject
Project("{9A19103F-16F7-4668-BE54-9A1E7A4F7556}") = "Laboratorio8.5", "Laboratorio8.5\Laboratorio8.5.csproj", "{2309A09C-83D5-477A-AA97-F456C4917D5A}"
EndProject
Project("{FAE04EC0-301F-11D3-BF4B-00C04F79EFBC}") = "Laboratorio8.6", "Laboratorio8.6\Laboratorio8.6.csproj", "{A9224CDB-0634-4FCF-B713-2B650FEAB8CB}"
EndProject
Project("{FAE04EC0-301F-11D3-BF4B-00C04F79EFBC}") = "Laboratorio8.7", "Laboratorio8.7\Laboratorio8.7.csproj", "{699953CD-5894-4BE2-9B07-ACDC9FFD80E3}"
EndProject
Project("{FAE04EC0-301F-11D3-BF4B-00C04F79EFBC}") = "Laboratorio8.8", "Laboratorio8.8\Laboratorio8.8.csproj", "{DE116885-E1BD-4878-9577-2204D83A71BB}"
EndProject
Project("{FAE04EC0-301F-11D3-BF4B-00C04F79EFBC}") = "Laboratorio8.9", "Laboratorio8.9\Laboratorio8.9.csproj", "{B66C33D7-7B2E-43C6-A971-3F099D80039B}"
EndProject
Global
	GlobalSection(SolutionConfigurationPlatforms) = preSolution
		Debug|Any CPU = Debug|Any CPU
		Release|Any CPU = Release|Any CPU
	EndGlobalSection
	GlobalSection(ProjectConfigurationPlatforms) = postSolution
		{20FB109F-8788-4FF7-A07E-79C7DD7A6D04}.Debug|Any CPU.ActiveCfg = Debug|Any CPU
		{20FB109F-8788-4FF7-A07E-79C7DD7A6D04}.Debug|Any CPU.Build.0 = Debug|Any CPU
		{20FB109F-8788-4FF7-A07E-79C7DD7A6D04}.Release|Any CPU.ActiveCfg = Release|Any CPU
		{20FB109F-8788-4FF7-A07E-79C7DD7A6D04}.Release|Any CPU.Build.0 = Release|Any CPU
		{0A3E3B0C-523E-4E8D-8243-06C3D065A7F9}.Debug|Any CPU.ActiveCfg = Debug|Any CPU
		{0A3E3B0C-523E-4E8D-8243-06C3D065A7F9}.Debug|Any CPU.Build.0 = Debug|Any CPU
		{0A3E3B0C-523E-4E8D-8243-06C3D065A7F9}.Release|Any CPU.ActiveCfg = Release|Any CPU
		{0A3E3B0C-523E-4E8D-8243-06C3D065A7F9}.Release|Any CPU.Build.0 = Release|Any CPU
		{E1A3CD84-1FE7-4BB3-B24E-B9EBAA8C7009}.Debug|Any CPU.ActiveCfg = Debug|Any CPU
		{E1A3CD84-1FE7-4BB3-B24E-B9EBAA8C7009}.Debug|Any CPU.Build.0 = Debug|Any CPU
		{E1A3CD84-1FE7-4BB3-B24E-B9EBAA8C7009}.Release|Any CPU.ActiveCfg = Release|Any CPU
		{E1A3CD84-1FE7-4BB3-B24E-B9EBAA8C7009}.Release|Any CPU.Build.0 = Release|Any CPU
		{FBAFC276-5111-4D67-8D1D-E1696A78995B}.Debug|Any CPU.ActiveCfg = Debug|Any CPU
		{FBAFC276-5111-4D67-8D1D-E1696A78995B}.Debug|Any CPU.Build.0 = Debug|Any CPU
		{FBAFC276-5111-4D67-8D1D-E1696A78995B}.Release|Any CPU.ActiveCfg = Release|Any CPU
		{FBAFC276-5111-4D67-8D1D-E1696A78995B}.Release|Any CPU.Build.0 = Release|Any CPU
		{3ED0A0DA-AD4C-44CB-A34A-7F0245128DC1}.Debug|Any CPU.ActiveCfg = Debug|Any CPU
		{3ED0A0DA-AD4C-44CB-A34A-7F0245128DC1}.Debug|Any CPU.Build.0 = Debug|Any CPU
		{3ED0A0DA-AD4C-44CB-A34A-7F0245128DC1}.Release|Any CPU.ActiveCfg = Release|Any CPU
		{3ED0A0DA-AD4C-44CB-A34A-7F0245128DC1}.Release|Any CPU.Build.0 = Release|Any CPU
		{2309A09C-83D5-477A-AA97-F456C4917D5A}.Debug|Any CPU.ActiveCfg = Debug|Any CPU
		{2309A09C-83D5-477A-AA97-F456C4917D5A}.Debug|Any CPU.Build.0 = Debug|Any CPU
		{2309A09C-83D5-477A-AA97-F456C4917D5A}.Release|Any CPU.ActiveCfg = Release|Any CPU
		{2309A09C-83D5-477A-AA97-F456C4917D5A}.Release|Any CPU.Build.0 = Release|Any CPU
		{A9224CDB-0634-4FCF-B713-2B650FEAB8CB}.Debug|Any CPU.ActiveCfg = Debug|Any CPU
		{A9224CDB-0634-4FCF-B713-2B650FEAB8CB}.Debug|Any CPU.Build.0 = Debug|Any CPU
		{A9224CDB-0634-4FCF-B713-2B650FEAB8CB}.Release|Any CPU.ActiveCfg = Release|Any CPU
		{A9224CDB-0634-4FCF-B713-2B650FEAB8CB}.Release|Any CPU.Build.0 = Release|Any CPU
		{699953CD-5894-4BE2-9B07-ACDC9FFD80E3}.Debug|Any CPU.ActiveCfg = Debug|Any CPU
		{699953CD-5894-4BE2-9B07-ACDC9FFD80E3}.Debug|Any CPU.Build.0 = Debug|Any CPU
		{699953CD-5894-4BE2-9B07-ACDC9FFD80E3}.Release|Any CPU.ActiveCfg = Release|Any CPU
		{699953CD-5894-4BE2-9B07-ACDC9FFD80E3}.Release|Any CPU.Build.0 = Release|Any CPU
		{DE116885-E1BD-4878-9577-2204D83A71BB}.Debug|Any CPU.ActiveCfg = Debug|Any CPU
		{DE116885-E1BD-4878-9577-2204D83A71BB}.Debug|Any CPU.Build.0 = Debug|Any CPU
		{DE116885-E1BD-4878-9577-2204D83A71BB}.Release|Any CPU.ActiveCfg = Release|Any CPU
		{DE116885-E1BD-4878-9577-2204D83A71BB}.Release|Any CPU.Build.0 = Release|Any CPU
		{B66C33D7-7B2E-43C6-A971-3F099D80039B}.Debug|Any CPU.ActiveCfg = Debug|Any CPU
		{B66C33D7-7B2E-43C6-A971-3F099D80039B}.Debug|Any CPU.Build.0 = Debug|Any CPU
		{B66C33D7-7B2E-43C6-A971-3F099D80039B}.Release|Any CPU.ActiveCfg = Release|Any CPU
		{B66C33D7-7B2E-43C6-A971-3F099D80039B}.Release|Any CPU.Build.0 = Release|Any CPU
	EndGlobalSection
	GlobalSection(SolutionProperties) = preSolution
		HideSolutionNode = FALSE
	EndGlobalSection
	GlobalSection(ExtensibilityGlobals) = postSolution
		SolutionGuid = {FBF6DACF-B749-4188-8BFE-3EBBF8D8325F}
	EndGlobalSection
EndGlobal
