
Microsoft Visual Studio Solution File, Format Version 12.00
# Visual Studio Version 17
VisualStudioVersion = 17.11.35219.272
MinimumVisualStudioVersion = 10.0.40219.1
Project("{9A19103F-16F7-4668-BE54-9A1E7A4F7556}") = "Laboratorio9", "Laboratorio9\Laboratorio9.csproj", "{9BE5BCE6-84D5-4295-92DF-20E52E0C2C15}"
EndProject
Project("{9A19103F-16F7-4668-BE54-9A1E7A4F7556}") = "Laboratorio9.1", "Laboratorio9.1\Laboratorio9.1.csproj", "{34EFC3F6-52C0-4BB5-A0F2-B70458B9C3FB}"
EndProject
Project("{9A19103F-16F7-4668-BE54-9A1E7A4F7556}") = "Laboratorio9.2", "Laboratorio9.2\Laboratorio9.2.csproj", "{62F0AB46-24E6-4FF4-88C1-07170A4A05B1}"
EndProject
Project("{9A19103F-16F7-4668-BE54-9A1E7A4F7556}") = "Laboratorio9.3", "Laboratorio9.3\Laboratorio9.3.csproj", "{D2B9EE56-C82F-4F76-8D42-501911B0E6BE}"
EndProject
Project("{FAE04EC0-301F-11D3-BF4B-00C04F79EFBC}") = "Laboratorio9.4", "Laboratorio9.4\Laboratorio9.4.csproj", "{7865BAC3-1BB0-4F34-B29A-3F91BB4FC0E3}"
EndProject
Global
	GlobalSection(SolutionConfigurationPlatforms) = preSolution
		Debug|Any CPU = Debug|Any CPU
		Release|Any CPU = Release|Any CPU
	EndGlobalSection
	GlobalSection(ProjectConfigurationPlatforms) = postSolution
		{9BE5BCE6-84D5-4295-92DF-20E52E0C2C15}.Debug|Any CPU.ActiveCfg = Debug|Any CPU
		{9BE5BCE6-84D5-4295-92DF-20E52E0C2C15}.Debug|Any CPU.Build.0 = Debug|Any CPU
		{9BE5BCE6-84D5-4295-92DF-20E52E0C2C15}.Release|Any CPU.ActiveCfg = Release|Any CPU
		{9BE5BCE6-84D5-4295-92DF-20E52E0C2C15}.Release|Any CPU.Build.0 = Release|Any CPU
		{34EFC3F6-52C0-4BB5-A0F2-B70458B9C3FB}.Debug|Any CPU.ActiveCfg = Debug|Any CPU
		{34EFC3F6-52C0-4BB5-A0F2-B70458B9C3FB}.Debug|Any CPU.Build.0 = Debug|Any CPU
		{34EFC3F6-52C0-4BB5-A0F2-B70458B9C3FB}.Release|Any CPU.ActiveCfg = Release|Any CPU
		{34EFC3F6-52C0-4BB5-A0F2-B70458B9C3FB}.Release|Any CPU.Build.0 = Release|Any CPU
		{62F0AB46-24E6-4FF4-88C1-07170A4A05B1}.Debug|Any CPU.ActiveCfg = Debug|Any CPU
		{62F0AB46-24E6-4FF4-88C1-07170A4A05B1}.Debug|Any CPU.Build.0 = Debug|Any CPU
		{62F0AB46-24E6-4FF4-88C1-07170A4A05B1}.Release|Any CPU.ActiveCfg = Release|Any CPU
		{62F0AB46-24E6-4FF4-88C1-07170A4A05B1}.Release|Any CPU.Build.0 = Release|Any CPU
		{D2B9EE56-C82F-4F76-8D42-501911B0E6BE}.Debug|Any CPU.ActiveCfg = Debug|Any CPU
		{D2B9EE56-C82F-4F76-8D42-501911B0E6BE}.Debug|Any CPU.Build.0 = Debug|Any CPU
		{D2B9EE56-C82F-4F76-8D42-501911B0E6BE}.Release|Any CPU.ActiveCfg = Release|Any CPU
		{D2B9EE56-C82F-4F76-8D42-501911B0E6BE}.Release|Any CPU.Build.0 = Release|Any CPU
		{7865BAC3-1BB0-4F34-B29A-3F91BB4FC0E3}.Debug|Any CPU.ActiveCfg = Debug|Any CPU
		{7865BAC3-1BB0-4F34-B29A-3F91BB4FC0E3}.Debug|Any CPU.Build.0 = Debug|Any CPU
		{7865BAC3-1BB0-4F34-B29A-3F91BB4FC0E3}.Release|Any CPU.ActiveCfg = Release|Any CPU
		{7865BAC3-1BB0-4F34-B29A-3F91BB4FC0E3}.Release|Any CPU.Build.0 = Release|Any CPU
	EndGlobalSection
	GlobalSection(SolutionProperties) = preSolution
		HideSolutionNode = FALSE
	EndGlobalSection
	GlobalSection(ExtensibilityGlobals) = postSolution
		SolutionGuid = {12B351BF-9B32-4EE4-A230-59908481502D}
	EndGlobalSection
EndGlobal
