
Microsoft Visual Studio Solution File, Format Version 12.00
# Visual Studio Version 17
VisualStudioVersion = 17.11.35219.272
MinimumVisualStudioVersion = 10.0.40219.1
Project("{FAE04EC0-301F-11D3-BF4B-00C04F79EFBC}") = "Laboratorio13", "Laboratorio13\Laboratorio13.csproj", "{5BC0FA6E-B179-46FE-BB45-11C2DF292F1D}"
EndProject
Global
	GlobalSection(SolutionConfigurationPlatforms) = preSolution
		Debug|Any CPU = Debug|Any CPU
		Release|Any CPU = Release|Any CPU
	EndGlobalSection
	GlobalSection(ProjectConfigurationPlatforms) = postSolution
		{5BC0FA6E-B179-46FE-BB45-11C2DF292F1D}.Debug|Any CPU.ActiveCfg = Debug|Any CPU
		{5BC0FA6E-B179-46FE-BB45-11C2DF292F1D}.Debug|Any CPU.Build.0 = Debug|Any CPU
		{5BC0FA6E-B179-46FE-BB45-11C2DF292F1D}.Release|Any CPU.ActiveCfg = Release|Any CPU
		{5BC0FA6E-B179-46FE-BB45-11C2DF292F1D}.Release|Any CPU.Build.0 = Release|Any CPU
	EndGlobalSection
	GlobalSection(SolutionProperties) = preSolution
		HideSolutionNode = FALSE
	EndGlobalSection
	GlobalSection(ExtensibilityGlobals) = postSolution
		SolutionGuid = {6C2EFFB7-2F57-4014-B66F-24C39B348286}
	EndGlobalSection
EndGlobal
